// !$*UTF8*$!
{
	archiveVersion = 1;
	classes = {
	};
	objectVersion = 46;
	objects = {

/* Begin PBXBuildFile section */
		5109BE65B6514EEFA186E1D9 /* libPods-PivotPong.a in Frameworks */ = {isa = PBXBuildFile; fileRef = 298179B670EC4C65BA84F82F /* libPods-PivotPong.a */; };
		5530DA449D984E6683181461 /* libPods-Specs.a in Frameworks */ = {isa = PBXBuildFile; fileRef = 5926F102F57D428AA5DBF571 /* libPods-Specs.a */; };
		AE06053B190054AA00A9CFDE /* Default-568h@2x.png in Resources */ = {isa = PBXBuildFile; fileRef = AE06053A190054AA00A9CFDE /* Default-568h@2x.png */; };
		AE0F2E2E18FC98F7007B6EF0 /* AppDelegate.m in Sources */ = {isa = PBXBuildFile; fileRef = AEAC78B018FC4E3B00C4FF0D /* AppDelegate.m */; };
		AE0F2E3018FC9FEC007B6EF0 /* Main.storyboard in Resources */ = {isa = PBXBuildFile; fileRef = AE0F2E2F18FC9FEC007B6EF0 /* Main.storyboard */; };
		AE0F2E3318FCA070007B6EF0 /* HomeController.m in Sources */ = {isa = PBXBuildFile; fileRef = AE0F2E3218FCA070007B6EF0 /* HomeController.m */; };
		AE0F2E3418FCA070007B6EF0 /* HomeController.m in Sources */ = {isa = PBXBuildFile; fileRef = AE0F2E3218FCA070007B6EF0 /* HomeController.m */; };
		AE0F2E3618FCA342007B6EF0 /* HomeControllerSpec.mm in Sources */ = {isa = PBXBuildFile; fileRef = AE0F2E3518FCA342007B6EF0 /* HomeControllerSpec.mm */; };
		AE10BCE318FC8CE600E9FE34 /* IdentificationController.m in Sources */ = {isa = PBXBuildFile; fileRef = AE10BCE218FC8CE600E9FE34 /* IdentificationController.m */; };
		AE10BCE418FC8CE600E9FE34 /* IdentificationController.m in Sources */ = {isa = PBXBuildFile; fileRef = AE10BCE218FC8CE600E9FE34 /* IdentificationController.m */; };
		AE10BCE718FC8CF600E9FE34 /* AttestationController.m in Sources */ = {isa = PBXBuildFile; fileRef = AE10BCE618FC8CF600E9FE34 /* AttestationController.m */; };
		AE10BCE818FC8CF600E9FE34 /* AttestationController.m in Sources */ = {isa = PBXBuildFile; fileRef = AE10BCE618FC8CF600E9FE34 /* AttestationController.m */; };
		AE10BCEA18FC8D1100E9FE34 /* IdentificationControllerSpec.mm in Sources */ = {isa = PBXBuildFile; fileRef = AE10BCE918FC8D1100E9FE34 /* IdentificationControllerSpec.mm */; };
		AE10BCEC18FC8D2700E9FE34 /* AttestationControllerSpec.mm in Sources */ = {isa = PBXBuildFile; fileRef = AE10BCEB18FC8D2700E9FE34 /* AttestationControllerSpec.mm */; };
		AE10BCEE18FC8DA200E9FE34 /* AppDelegateSpec.mm in Sources */ = {isa = PBXBuildFile; fileRef = AE10BCED18FC8DA200E9FE34 /* AppDelegateSpec.mm */; };
		AE5EAF0D18FDECE1008222E1 /* Main.storyboard in Resources */ = {isa = PBXBuildFile; fileRef = AE0F2E2F18FC9FEC007B6EF0 /* Main.storyboard */; };
		AEAAD30A19005DA300A10D57 /* HTTPClient.m in Sources */ = {isa = PBXBuildFile; fileRef = AEAAD30519005DA300A10D57 /* HTTPClient.m */; };
		AEAAD30B19005DA300A10D57 /* HTTPClient.m in Sources */ = {isa = PBXBuildFile; fileRef = AEAAD30519005DA300A10D57 /* HTTPClient.m */; };
		AEAAD30C19005DA300A10D57 /* JSONClient.m in Sources */ = {isa = PBXBuildFile; fileRef = AEAAD30719005DA300A10D57 /* JSONClient.m */; };
		AEAAD30D19005DA300A10D57 /* JSONClient.m in Sources */ = {isa = PBXBuildFile; fileRef = AEAAD30719005DA300A10D57 /* JSONClient.m */; };
		AEAAD30E19005DA300A10D57 /* PivotPongClient.m in Sources */ = {isa = PBXBuildFile; fileRef = AEAAD30919005DA300A10D57 /* PivotPongClient.m */; };
		AEAAD30F19005DA300A10D57 /* PivotPongClient.m in Sources */ = {isa = PBXBuildFile; fileRef = AEAAD30919005DA300A10D57 /* PivotPongClient.m */; };
		AEAAD31619005F9C00A10D57 /* HTTPClientSpec.mm in Sources */ = {isa = PBXBuildFile; fileRef = AEAAD31319005F9C00A10D57 /* HTTPClientSpec.mm */; };
		AEAAD31719005F9C00A10D57 /* JSONClientSpec.mm in Sources */ = {isa = PBXBuildFile; fileRef = AEAAD31419005F9C00A10D57 /* JSONClientSpec.mm */; };
		AEAAD31819005F9C00A10D57 /* PivotPongClientSpec.mm in Sources */ = {isa = PBXBuildFile; fileRef = AEAAD31519005F9C00A10D57 /* PivotPongClientSpec.mm */; };
		AEAAD31F19005FA400A10D57 /* Factory.m in Sources */ = {isa = PBXBuildFile; fileRef = AEAAD31B19005FA400A10D57 /* Factory.m */; };
		AEAAD32019005FA400A10D57 /* SpecConfigurator.m in Sources */ = {isa = PBXBuildFile; fileRef = AEAAD31E19005FA400A10D57 /* SpecConfigurator.m */; };
		AEAAD32419005FD700A10D57 /* Configurator.m in Sources */ = {isa = PBXBuildFile; fileRef = AEAAD32319005FD700A10D57 /* Configurator.m */; };
		AEAAD32519005FD700A10D57 /* Configurator.m in Sources */ = {isa = PBXBuildFile; fileRef = AEAAD32319005FD700A10D57 /* Configurator.m */; };
		AEAC78A118FC4E3B00C4FF0D /* Foundation.framework in Frameworks */ = {isa = PBXBuildFile; fileRef = AEAC78A018FC4E3B00C4FF0D /* Foundation.framework */; };
		AEAC78A318FC4E3B00C4FF0D /* CoreGraphics.framework in Frameworks */ = {isa = PBXBuildFile; fileRef = AEAC78A218FC4E3B00C4FF0D /* CoreGraphics.framework */; };
		AEAC78A518FC4E3B00C4FF0D /* UIKit.framework in Frameworks */ = {isa = PBXBuildFile; fileRef = AEAC78A418FC4E3B00C4FF0D /* UIKit.framework */; };
		AEAC78AB18FC4E3B00C4FF0D /* InfoPlist.strings in Resources */ = {isa = PBXBuildFile; fileRef = AEAC78A918FC4E3B00C4FF0D /* InfoPlist.strings */; };
		AEAC78AD18FC4E3B00C4FF0D /* main.m in Sources */ = {isa = PBXBuildFile; fileRef = AEAC78AC18FC4E3B00C4FF0D /* main.m */; };
		AEAC78B118FC4E3B00C4FF0D /* AppDelegate.m in Sources */ = {isa = PBXBuildFile; fileRef = AEAC78B018FC4E3B00C4FF0D /* AppDelegate.m */; };
		AEAC78B318FC4E3B00C4FF0D /* Images.xcassets in Resources */ = {isa = PBXBuildFile; fileRef = AEAC78B218FC4E3B00C4FF0D /* Images.xcassets */; };
		AEC2389A18FE045C00F6217A /* pivID_blue-1004x400.png in Resources */ = {isa = PBXBuildFile; fileRef = AEC2389918FE045C00F6217A /* pivID_blue-1004x400.png */; };
		AEC2389B18FE051700F6217A /* pivID_blue-1004x400.png in Resources */ = {isa = PBXBuildFile; fileRef = AEC2389918FE045C00F6217A /* pivID_blue-1004x400.png */; };
		AEE820A718FC6D4C000C49A4 /* UIKit.framework in Frameworks */ = {isa = PBXBuildFile; fileRef = AEAC78A418FC4E3B00C4FF0D /* UIKit.framework */; };
		AEE820A818FC6D4C000C49A4 /* Foundation.framework in Frameworks */ = {isa = PBXBuildFile; fileRef = AEAC78A018FC4E3B00C4FF0D /* Foundation.framework */; };
		AEE820A918FC6D4C000C49A4 /* CoreGraphics.framework in Frameworks */ = {isa = PBXBuildFile; fileRef = AEAC78A218FC4E3B00C4FF0D /* CoreGraphics.framework */; };
		AEE820AF18FC6D4C000C49A4 /* InfoPlist.strings in Resources */ = {isa = PBXBuildFile; fileRef = AEE820AD18FC6D4C000C49A4 /* InfoPlist.strings */; };
		AEE820B118FC6D4C000C49A4 /* main.m in Sources */ = {isa = PBXBuildFile; fileRef = AEE820B018FC6D4C000C49A4 /* main.m */; };
/* End PBXBuildFile section */

/* Begin PBXContainerItemProxy section */
		AE10BCD118FC82C100E9FE34 /* PBXContainerItemProxy */ = {
			isa = PBXContainerItemProxy;
			containerPortal = AEAC789518FC4E3B00C4FF0D /* Project object */;
			proxyType = 1;
			remoteGlobalIDString = AEAC789C18FC4E3B00C4FF0D;
			remoteInfo = PivotPong;
		};
/* End PBXContainerItemProxy section */

/* Begin PBXFileReference section */
		298179B670EC4C65BA84F82F /* libPods-PivotPong.a */ = {isa = PBXFileReference; explicitFileType = archive.ar; includeInIndex = 0; path = "libPods-PivotPong.a"; sourceTree = BUILT_PRODUCTS_DIR; };
		507F1C0B53F94E588568064F /* Pods-Specs.xcconfig */ = {isa = PBXFileReference; includeInIndex = 1; lastKnownFileType = text.xcconfig; name = "Pods-Specs.xcconfig"; path = "../Pods/Pods-Specs.xcconfig"; sourceTree = "<group>"; };
		5926F102F57D428AA5DBF571 /* libPods-Specs.a */ = {isa = PBXFileReference; explicitFileType = archive.ar; includeInIndex = 0; path = "libPods-Specs.a"; sourceTree = BUILT_PRODUCTS_DIR; };
		AE06053A190054AA00A9CFDE /* Default-568h@2x.png */ = {isa = PBXFileReference; lastKnownFileType = image.png; name = "Default-568h@2x.png"; path = "../../Default-568h@2x.png"; sourceTree = "<group>"; };
		AE0F2E2F18FC9FEC007B6EF0 /* Main.storyboard */ = {isa = PBXFileReference; fileEncoding = 4; lastKnownFileType = file.storyboard; path = Main.storyboard; sourceTree = "<group>"; };
		AE0F2E3118FCA070007B6EF0 /* HomeController.h */ = {isa = PBXFileReference; fileEncoding = 4; lastKnownFileType = sourcecode.c.h; name = HomeController.h; path = Controllers/HomeController.h; sourceTree = "<group>"; };
		AE0F2E3218FCA070007B6EF0 /* HomeController.m */ = {isa = PBXFileReference; fileEncoding = 4; lastKnownFileType = sourcecode.c.objc; name = HomeController.m; path = Controllers/HomeController.m; sourceTree = "<group>"; };
		AE0F2E3518FCA342007B6EF0 /* HomeControllerSpec.mm */ = {isa = PBXFileReference; fileEncoding = 4; lastKnownFileType = sourcecode.cpp.objcpp; name = HomeControllerSpec.mm; path = Controllers/HomeControllerSpec.mm; sourceTree = "<group>"; };
		AE10BCE118FC8CE600E9FE34 /* IdentificationController.h */ = {isa = PBXFileReference; fileEncoding = 4; lastKnownFileType = sourcecode.c.h; name = IdentificationController.h; path = Controllers/IdentificationController.h; sourceTree = "<group>"; };
		AE10BCE218FC8CE600E9FE34 /* IdentificationController.m */ = {isa = PBXFileReference; fileEncoding = 4; lastKnownFileType = sourcecode.c.objc; name = IdentificationController.m; path = Controllers/IdentificationController.m; sourceTree = "<group>"; };
		AE10BCE518FC8CF600E9FE34 /* AttestationController.h */ = {isa = PBXFileReference; fileEncoding = 4; lastKnownFileType = sourcecode.c.h; name = AttestationController.h; path = Controllers/AttestationController.h; sourceTree = "<group>"; };
		AE10BCE618FC8CF600E9FE34 /* AttestationController.m */ = {isa = PBXFileReference; fileEncoding = 4; lastKnownFileType = sourcecode.c.objc; name = AttestationController.m; path = Controllers/AttestationController.m; sourceTree = "<group>"; };
		AE10BCE918FC8D1100E9FE34 /* IdentificationControllerSpec.mm */ = {isa = PBXFileReference; fileEncoding = 4; lastKnownFileType = sourcecode.cpp.objcpp; name = IdentificationControllerSpec.mm; path = Controllers/IdentificationControllerSpec.mm; sourceTree = "<group>"; };
		AE10BCEB18FC8D2700E9FE34 /* AttestationControllerSpec.mm */ = {isa = PBXFileReference; fileEncoding = 4; lastKnownFileType = sourcecode.cpp.objcpp; name = AttestationControllerSpec.mm; path = Controllers/AttestationControllerSpec.mm; sourceTree = "<group>"; };
		AE10BCED18FC8DA200E9FE34 /* AppDelegateSpec.mm */ = {isa = PBXFileReference; fileEncoding = 4; lastKnownFileType = sourcecode.cpp.objcpp; path = AppDelegateSpec.mm; sourceTree = "<group>"; };
		AE4F245C18FDD681006907CA /* libPods-Specs.a */ = {isa = PBXFileReference; lastKnownFileType = archive.ar; name = "libPods-Specs.a"; path = "../Pods/build/Debug-iphoneos/libPods-Specs.a"; sourceTree = "<group>"; };
		AE5EAF0918FDEA39008222E1 /* libPods-PivotPong.a */ = {isa = PBXFileReference; lastKnownFileType = archive.ar; name = "libPods-PivotPong.a"; path = "../Pods/build/Debug-iphoneos/libPods-PivotPong.a"; sourceTree = "<group>"; };
		AE5EAF0B18FDEAB7008222E1 /* libPods-Specs.a */ = {isa = PBXFileReference; lastKnownFileType = archive.ar; name = "libPods-Specs.a"; path = "../Pods/build/Debug-iphoneos/libPods-Specs.a"; sourceTree = "<group>"; };
		AE7297D618FD9B8D00F58A30 /* libPods-PivotPong-Blindside.a */ = {isa = PBXFileReference; lastKnownFileType = archive.ar; name = "libPods-PivotPong-Blindside.a"; path = "../Pods/build/Release-iphoneos/libPods-PivotPong-Blindside.a"; sourceTree = "<group>"; };
		AE7297D818FD9BA200F58A30 /* libPods-PivotPong-Blindside.a */ = {isa = PBXFileReference; lastKnownFileType = archive.ar; name = "libPods-PivotPong-Blindside.a"; path = "../Pods/build/Release-iphoneos/libPods-PivotPong-Blindside.a"; sourceTree = "<group>"; };
		AE7297DA18FD9BB200F58A30 /* libPods-PivotPong-Blindside.a */ = {isa = PBXFileReference; lastKnownFileType = archive.ar; name = "libPods-PivotPong-Blindside.a"; path = "../Pods/build/Release-iphoneos/libPods-PivotPong-Blindside.a"; sourceTree = "<group>"; };
		AE7297DC18FD9BDE00F58A30 /* libPods-PivotPong.a */ = {isa = PBXFileReference; lastKnownFileType = archive.ar; name = "libPods-PivotPong.a"; path = "../Pods/build/Debug-iphoneos/libPods-PivotPong.a"; sourceTree = "<group>"; };
		AE73D43E18FEED2000AFDD81 /* PivotPongClient.h */ = {isa = PBXFileReference; fileEncoding = 4; lastKnownFileType = sourcecode.c.h; path = PivotPongClient.h; sourceTree = "<group>"; };
		AE73D43F18FEED2000AFDD81 /* PivotPongClient.m */ = {isa = PBXFileReference; fileEncoding = 4; lastKnownFileType = sourcecode.c.objc; path = PivotPongClient.m; sourceTree = "<group>"; };
		AEA95BD018FDBA2B00306B2A /* libPods-Specs.a */ = {isa = PBXFileReference; lastKnownFileType = archive.ar; name = "libPods-Specs.a"; path = "../Pods/build/Debug-iphoneos/libPods-Specs.a"; sourceTree = "<group>"; };
		AEA95BD218FDBAC100306B2A /* libPods-Specs.a */ = {isa = PBXFileReference; lastKnownFileType = archive.ar; name = "libPods-Specs.a"; path = "../Pods/build/Debug-iphoneos/libPods-Specs.a"; sourceTree = "<group>"; };
		AEA95BD418FDBAC800306B2A /* libPods-PivotPong.a */ = {isa = PBXFileReference; lastKnownFileType = archive.ar; name = "libPods-PivotPong.a"; path = "../Pods/build/Debug-iphoneos/libPods-PivotPong.a"; sourceTree = "<group>"; };
		AEA95BD718FDBE4000306B2A /* libPods-Specs.a */ = {isa = PBXFileReference; lastKnownFileType = archive.ar; name = "libPods-Specs.a"; path = "../Pods/build/Debug-iphoneos/libPods-Specs.a"; sourceTree = "<group>"; };
		AEAAD30419005DA300A10D57 /* HTTPClient.h */ = {isa = PBXFileReference; fileEncoding = 4; lastKnownFileType = sourcecode.c.h; path = HTTPClient.h; sourceTree = "<group>"; };
		AEAAD30519005DA300A10D57 /* HTTPClient.m */ = {isa = PBXFileReference; fileEncoding = 4; lastKnownFileType = sourcecode.c.objc; path = HTTPClient.m; sourceTree = "<group>"; };
		AEAAD30619005DA300A10D57 /* JSONClient.h */ = {isa = PBXFileReference; fileEncoding = 4; lastKnownFileType = sourcecode.c.h; path = JSONClient.h; sourceTree = "<group>"; };
		AEAAD30719005DA300A10D57 /* JSONClient.m */ = {isa = PBXFileReference; fileEncoding = 4; lastKnownFileType = sourcecode.c.objc; path = JSONClient.m; sourceTree = "<group>"; };
		AEAAD30819005DA300A10D57 /* PivotPongClient.h */ = {isa = PBXFileReference; fileEncoding = 4; lastKnownFileType = sourcecode.c.h; path = PivotPongClient.h; sourceTree = "<group>"; };
		AEAAD30919005DA300A10D57 /* PivotPongClient.m */ = {isa = PBXFileReference; fileEncoding = 4; lastKnownFileType = sourcecode.c.objc; path = PivotPongClient.m; sourceTree = "<group>"; };
		AEAAD31119005E0400A10D57 /* Injectable.h */ = {isa = PBXFileReference; lastKnownFileType = sourcecode.c.h; path = Injectable.h; sourceTree = "<group>"; };
		AEAAD31319005F9C00A10D57 /* HTTPClientSpec.mm */ = {isa = PBXFileReference; fileEncoding = 4; lastKnownFileType = sourcecode.cpp.objcpp; path = HTTPClientSpec.mm; sourceTree = "<group>"; };
		AEAAD31419005F9C00A10D57 /* JSONClientSpec.mm */ = {isa = PBXFileReference; fileEncoding = 4; lastKnownFileType = sourcecode.cpp.objcpp; path = JSONClientSpec.mm; sourceTree = "<group>"; };
		AEAAD31519005F9C00A10D57 /* PivotPongClientSpec.mm */ = {isa = PBXFileReference; fileEncoding = 4; lastKnownFileType = sourcecode.cpp.objcpp; path = PivotPongClientSpec.mm; sourceTree = "<group>"; };
		AEAAD31A19005FA400A10D57 /* Factory.h */ = {isa = PBXFileReference; fileEncoding = 4; lastKnownFileType = sourcecode.c.h; path = Factory.h; sourceTree = "<group>"; };
		AEAAD31B19005FA400A10D57 /* Factory.m */ = {isa = PBXFileReference; fileEncoding = 4; lastKnownFileType = sourcecode.c.objc; path = Factory.m; sourceTree = "<group>"; };
		AEAAD31C19005FA400A10D57 /* OpenerUpper.h */ = {isa = PBXFileReference; fileEncoding = 4; lastKnownFileType = sourcecode.c.h; path = OpenerUpper.h; sourceTree = "<group>"; };
		AEAAD31D19005FA400A10D57 /* SpecConfigurator.h */ = {isa = PBXFileReference; fileEncoding = 4; lastKnownFileType = sourcecode.c.h; path = SpecConfigurator.h; sourceTree = "<group>"; };
		AEAAD31E19005FA400A10D57 /* SpecConfigurator.m */ = {isa = PBXFileReference; fileEncoding = 4; lastKnownFileType = sourcecode.c.objc; path = SpecConfigurator.m; sourceTree = "<group>"; };
		AEAAD32219005FD700A10D57 /* Configurator.h */ = {isa = PBXFileReference; fileEncoding = 4; lastKnownFileType = sourcecode.c.h; path = Configurator.h; sourceTree = "<group>"; };
		AEAAD32319005FD700A10D57 /* Configurator.m */ = {isa = PBXFileReference; fileEncoding = 4; lastKnownFileType = sourcecode.c.objc; path = Configurator.m; sourceTree = "<group>"; };
		AEAAD3261900602700A10D57 /* Constants.h */ = {isa = PBXFileReference; lastKnownFileType = sourcecode.c.h; path = Constants.h; sourceTree = "<group>"; };
		AEAC789D18FC4E3B00C4FF0D /* PivotPong.app */ = {isa = PBXFileReference; explicitFileType = wrapper.application; includeInIndex = 0; path = PivotPong.app; sourceTree = BUILT_PRODUCTS_DIR; };
		AEAC78A018FC4E3B00C4FF0D /* Foundation.framework */ = {isa = PBXFileReference; lastKnownFileType = wrapper.framework; name = Foundation.framework; path = System/Library/Frameworks/Foundation.framework; sourceTree = SDKROOT; };
		AEAC78A218FC4E3B00C4FF0D /* CoreGraphics.framework */ = {isa = PBXFileReference; lastKnownFileType = wrapper.framework; name = CoreGraphics.framework; path = System/Library/Frameworks/CoreGraphics.framework; sourceTree = SDKROOT; };
		AEAC78A418FC4E3B00C4FF0D /* UIKit.framework */ = {isa = PBXFileReference; lastKnownFileType = wrapper.framework; name = UIKit.framework; path = System/Library/Frameworks/UIKit.framework; sourceTree = SDKROOT; };
		AEAC78A818FC4E3B00C4FF0D /* PivotPong-Info.plist */ = {isa = PBXFileReference; lastKnownFileType = text.plist.xml; path = "PivotPong-Info.plist"; sourceTree = "<group>"; };
		AEAC78AA18FC4E3B00C4FF0D /* en */ = {isa = PBXFileReference; lastKnownFileType = text.plist.strings; name = en; path = en.lproj/InfoPlist.strings; sourceTree = "<group>"; };
		AEAC78AC18FC4E3B00C4FF0D /* main.m */ = {isa = PBXFileReference; lastKnownFileType = sourcecode.c.objc; path = main.m; sourceTree = "<group>"; };
		AEAC78AE18FC4E3B00C4FF0D /* PivotPong-Prefix.pch */ = {isa = PBXFileReference; lastKnownFileType = sourcecode.c.h; path = "PivotPong-Prefix.pch"; sourceTree = "<group>"; };
		AEAC78AF18FC4E3B00C4FF0D /* AppDelegate.h */ = {isa = PBXFileReference; lastKnownFileType = sourcecode.c.h; path = AppDelegate.h; sourceTree = "<group>"; };
		AEAC78B018FC4E3B00C4FF0D /* AppDelegate.m */ = {isa = PBXFileReference; lastKnownFileType = sourcecode.c.objc; path = AppDelegate.m; sourceTree = "<group>"; };
		AEAC78B218FC4E3B00C4FF0D /* Images.xcassets */ = {isa = PBXFileReference; lastKnownFileType = folder.assetcatalog; path = Images.xcassets; sourceTree = "<group>"; };
		AEAC78B918FC4E3B00C4FF0D /* XCTest.framework */ = {isa = PBXFileReference; lastKnownFileType = wrapper.framework; name = XCTest.framework; path = Library/Frameworks/XCTest.framework; sourceTree = DEVELOPER_DIR; };
		AEC2389918FE045C00F6217A /* pivID_blue-1004x400.png */ = {isa = PBXFileReference; lastKnownFileType = image.png; path = "pivID_blue-1004x400.png"; sourceTree = "<group>"; };
		AEE820A618FC6D4C000C49A4 /* Specs.app */ = {isa = PBXFileReference; explicitFileType = wrapper.application; includeInIndex = 0; path = Specs.app; sourceTree = BUILT_PRODUCTS_DIR; };
		AEE820AC18FC6D4C000C49A4 /* Specs-Info.plist */ = {isa = PBXFileReference; lastKnownFileType = text.plist.xml; path = "Specs-Info.plist"; sourceTree = "<group>"; };
		AEE820AE18FC6D4C000C49A4 /* en */ = {isa = PBXFileReference; lastKnownFileType = text.plist.strings; name = en; path = en.lproj/InfoPlist.strings; sourceTree = "<group>"; };
		AEE820B018FC6D4C000C49A4 /* main.m */ = {isa = PBXFileReference; lastKnownFileType = sourcecode.c.objc; path = main.m; sourceTree = "<group>"; };
		AEE820B218FC6D4C000C49A4 /* Specs-Prefix.pch */ = {isa = PBXFileReference; lastKnownFileType = sourcecode.c.h; path = "Specs-Prefix.pch"; sourceTree = "<group>"; };
		AEE820B318FC6D4C000C49A4 /* Rakefile */ = {isa = PBXFileReference; lastKnownFileType = text; path = Rakefile; sourceTree = "<group>"; };
		AEE820B418FC6D4C000C49A4 /* Cedar-iOS.framework */ = {isa = PBXFileReference; lastKnownFileType = wrapper.framework; name = "Cedar-iOS.framework"; path = "Frameworks/Cedar-iOS.framework"; sourceTree = "<group>"; };
		E21CA42E6F604CD2BE9460B7 /* libPods-PivotPongTests.a */ = {isa = PBXFileReference; explicitFileType = archive.ar; includeInIndex = 0; path = "libPods-PivotPongTests.a"; sourceTree = BUILT_PRODUCTS_DIR; };
		FB5B3FC9F4A04CBA9A4D5520 /* Pods-PivotPong.xcconfig */ = {isa = PBXFileReference; includeInIndex = 1; lastKnownFileType = text.xcconfig; name = "Pods-PivotPong.xcconfig"; path = "../Pods/Pods-PivotPong.xcconfig"; sourceTree = "<group>"; };
/* End PBXFileReference section */

/* Begin PBXFrameworksBuildPhase section */
		AEAC789A18FC4E3B00C4FF0D /* Frameworks */ = {
			isa = PBXFrameworksBuildPhase;
			buildActionMask = 2147483647;
			files = (
				AEAC78A318FC4E3B00C4FF0D /* CoreGraphics.framework in Frameworks */,
				AEAC78A518FC4E3B00C4FF0D /* UIKit.framework in Frameworks */,
				AEAC78A118FC4E3B00C4FF0D /* Foundation.framework in Frameworks */,
				5109BE65B6514EEFA186E1D9 /* libPods-PivotPong.a in Frameworks */,
			);
			runOnlyForDeploymentPostprocessing = 0;
		};
		AEE820A318FC6D4C000C49A4 /* Frameworks */ = {
			isa = PBXFrameworksBuildPhase;
			buildActionMask = 2147483647;
			files = (
				AEE820A918FC6D4C000C49A4 /* CoreGraphics.framework in Frameworks */,
				AEE820A718FC6D4C000C49A4 /* UIKit.framework in Frameworks */,
				AEE820A818FC6D4C000C49A4 /* Foundation.framework in Frameworks */,
				5530DA449D984E6683181461 /* libPods-Specs.a in Frameworks */,
			);
			runOnlyForDeploymentPostprocessing = 0;
		};
/* End PBXFrameworksBuildPhase section */

/* Begin PBXGroup section */
		AE10BCD818FC88EB00E9FE34 /* Controllers */ = {
			isa = PBXGroup;
			children = (
				AE10BCE118FC8CE600E9FE34 /* IdentificationController.h */,
				AE10BCE218FC8CE600E9FE34 /* IdentificationController.m */,
				AE10BCE518FC8CF600E9FE34 /* AttestationController.h */,
				AE10BCE618FC8CF600E9FE34 /* AttestationController.m */,
				AE0F2E3118FCA070007B6EF0 /* HomeController.h */,
				AE0F2E3218FCA070007B6EF0 /* HomeController.m */,
				AE73D43E18FEED2000AFDD81 /* PivotPongClient.h */,
				AE73D43F18FEED2000AFDD81 /* PivotPongClient.m */,
			);
			name = Controllers;
			sourceTree = "<group>";
		};
		AE10BCE018FC8C1F00E9FE34 /* Controllers */ = {
			isa = PBXGroup;
			children = (
				AE10BCE918FC8D1100E9FE34 /* IdentificationControllerSpec.mm */,
				AE10BCEB18FC8D2700E9FE34 /* AttestationControllerSpec.mm */,
				AE0F2E3518FCA342007B6EF0 /* HomeControllerSpec.mm */,
			);
			name = Controllers;
			sourceTree = "<group>";
		};
		AEAAD30319005DA300A10D57 /* API */ = {
			isa = PBXGroup;
			children = (
				AEAAD30419005DA300A10D57 /* HTTPClient.h */,
				AEAAD30519005DA300A10D57 /* HTTPClient.m */,
				AEAAD30619005DA300A10D57 /* JSONClient.h */,
				AEAAD30719005DA300A10D57 /* JSONClient.m */,
				AEAAD30819005DA300A10D57 /* PivotPongClient.h */,
				AEAAD30919005DA300A10D57 /* PivotPongClient.m */,
			);
			path = API;
			sourceTree = "<group>";
		};
		AEAAD31019005E0400A10D57 /* Protocols */ = {
			isa = PBXGroup;
			children = (
				AEAAD31119005E0400A10D57 /* Injectable.h */,
			);
			path = Protocols;
			sourceTree = "<group>";
		};
		AEAAD31219005F9C00A10D57 /* API */ = {
			isa = PBXGroup;
			children = (
				AEAAD31319005F9C00A10D57 /* HTTPClientSpec.mm */,
				AEAAD31419005F9C00A10D57 /* JSONClientSpec.mm */,
				AEAAD31519005F9C00A10D57 /* PivotPongClientSpec.mm */,
			);
			path = API;
			sourceTree = "<group>";
		};
		AEAAD31919005FA400A10D57 /* Support */ = {
			isa = PBXGroup;
			children = (
				AEAAD31A19005FA400A10D57 /* Factory.h */,
				AEAAD31B19005FA400A10D57 /* Factory.m */,
				AEAAD31C19005FA400A10D57 /* OpenerUpper.h */,
				AEAAD31D19005FA400A10D57 /* SpecConfigurator.h */,
				AEAAD31E19005FA400A10D57 /* SpecConfigurator.m */,
			);
			name = Support;
			path = API/Support;
			sourceTree = "<group>";
		};
		AEAAD32119005FD700A10D57 /* Support */ = {
			isa = PBXGroup;
			children = (
				AEAAD3261900602700A10D57 /* Constants.h */,
				AEAAD32219005FD700A10D57 /* Configurator.h */,
				AEAAD32319005FD700A10D57 /* Configurator.m */,
			);
			path = Support;
			sourceTree = "<group>";
		};
		AEAC789418FC4E3B00C4FF0D = {
			isa = PBXGroup;
			children = (
				AEAC78A618FC4E3B00C4FF0D /* PivotPong */,
				AEE820AA18FC6D4C000C49A4 /* Specs */,
				AEAC789F18FC4E3B00C4FF0D /* Frameworks */,
				AEAC789E18FC4E3B00C4FF0D /* Products */,
				FB5B3FC9F4A04CBA9A4D5520 /* Pods-PivotPong.xcconfig */,
				507F1C0B53F94E588568064F /* Pods-Specs.xcconfig */,
			);
			sourceTree = "<group>";
		};
		AEAC789E18FC4E3B00C4FF0D /* Products */ = {
			isa = PBXGroup;
			children = (
				AEAC789D18FC4E3B00C4FF0D /* PivotPong.app */,
				AEE820A618FC6D4C000C49A4 /* Specs.app */,
			);
			name = Products;
			sourceTree = "<group>";
		};
		AEAC789F18FC4E3B00C4FF0D /* Frameworks */ = {
			isa = PBXGroup;
			children = (
				AE5EAF0B18FDEAB7008222E1 /* libPods-Specs.a */,
				AE5EAF0918FDEA39008222E1 /* libPods-PivotPong.a */,
				AE4F245C18FDD681006907CA /* libPods-Specs.a */,
				AEA95BD718FDBE4000306B2A /* libPods-Specs.a */,
				AEA95BD418FDBAC800306B2A /* libPods-PivotPong.a */,
				AEA95BD218FDBAC100306B2A /* libPods-Specs.a */,
				AEA95BD018FDBA2B00306B2A /* libPods-Specs.a */,
				AE7297DC18FD9BDE00F58A30 /* libPods-PivotPong.a */,
				AE7297DA18FD9BB200F58A30 /* libPods-PivotPong-Blindside.a */,
				AE7297D818FD9BA200F58A30 /* libPods-PivotPong-Blindside.a */,
				AE7297D618FD9B8D00F58A30 /* libPods-PivotPong-Blindside.a */,
				AEAC78A018FC4E3B00C4FF0D /* Foundation.framework */,
				AEAC78A218FC4E3B00C4FF0D /* CoreGraphics.framework */,
				AEAC78A418FC4E3B00C4FF0D /* UIKit.framework */,
				AEAC78B918FC4E3B00C4FF0D /* XCTest.framework */,
				E21CA42E6F604CD2BE9460B7 /* libPods-PivotPongTests.a */,
				298179B670EC4C65BA84F82F /* libPods-PivotPong.a */,
				5926F102F57D428AA5DBF571 /* libPods-Specs.a */,
			);
			name = Frameworks;
			sourceTree = "<group>";
		};
		AEAC78A618FC4E3B00C4FF0D /* PivotPong */ = {
			isa = PBXGroup;
			children = (
				AEAAD30319005DA300A10D57 /* API */,
				AEAC78AF18FC4E3B00C4FF0D /* AppDelegate.h */,
				AEAC78B018FC4E3B00C4FF0D /* AppDelegate.m */,
				AEC2389818FE045C00F6217A /* Assets */,
				AE10BCD818FC88EB00E9FE34 /* Controllers */,
				AEAC78B218FC4E3B00C4FF0D /* Images.xcassets */,
				AE0F2E2F18FC9FEC007B6EF0 /* Main.storyboard */,
				AEAAD31019005E0400A10D57 /* Protocols */,
				AEAAD32119005FD700A10D57 /* Support */,
				AEAC78A718FC4E3B00C4FF0D /* Target Files */,
			);
			path = PivotPong;
			sourceTree = "<group>";
		};
		AEAC78A718FC4E3B00C4FF0D /* Target Files */ = {
			isa = PBXGroup;
			children = (
				AEAC78A818FC4E3B00C4FF0D /* PivotPong-Info.plist */,
				AEAC78A918FC4E3B00C4FF0D /* InfoPlist.strings */,
				AEAC78AC18FC4E3B00C4FF0D /* main.m */,
				AEAC78AE18FC4E3B00C4FF0D /* PivotPong-Prefix.pch */,
			);
			name = "Target Files";
			sourceTree = "<group>";
		};
		AEC2389818FE045C00F6217A /* Assets */ = {
			isa = PBXGroup;
			children = (
				AE06053A190054AA00A9CFDE /* Default-568h@2x.png */,
				AEC2389918FE045C00F6217A /* pivID_blue-1004x400.png */,
			);
			path = Assets;
			sourceTree = "<group>";
		};
		AEE820AA18FC6D4C000C49A4 /* Specs */ = {
			isa = PBXGroup;
			children = (
				AEAAD31219005F9C00A10D57 /* API */,
				AE10BCED18FC8DA200E9FE34 /* AppDelegateSpec.mm */,
				AEE820B418FC6D4C000C49A4 /* Cedar-iOS.framework */,
				AE10BCE018FC8C1F00E9FE34 /* Controllers */,
				AEE820B318FC6D4C000C49A4 /* Rakefile */,
				AEAAD31919005FA400A10D57 /* Support */,
				AEE820AB18FC6D4C000C49A4 /* Target Files */,
			);
			path = Specs;
			sourceTree = "<group>";
		};
		AEE820AB18FC6D4C000C49A4 /* Target Files */ = {
			isa = PBXGroup;
			children = (
				AEE820AC18FC6D4C000C49A4 /* Specs-Info.plist */,
				AEE820AD18FC6D4C000C49A4 /* InfoPlist.strings */,
				AEE820B018FC6D4C000C49A4 /* main.m */,
				AEE820B218FC6D4C000C49A4 /* Specs-Prefix.pch */,
			);
			name = "Target Files";
			sourceTree = "<group>";
		};
/* End PBXGroup section */

/* Begin PBXNativeTarget section */
		AEAC789C18FC4E3B00C4FF0D /* PivotPong */ = {
			isa = PBXNativeTarget;
			buildConfigurationList = AEAC78C918FC4E3B00C4FF0D /* Build configuration list for PBXNativeTarget "PivotPong" */;
			buildPhases = (
				77B912EC34A54E6E94862258 /* Check Pods Manifest.lock */,
				AEAC789918FC4E3B00C4FF0D /* Sources */,
				AEAC789A18FC4E3B00C4FF0D /* Frameworks */,
				AEAC789B18FC4E3B00C4FF0D /* Resources */,
				68FED82D53344BD0B9A75210 /* Copy Pods Resources */,
			);
			buildRules = (
			);
			dependencies = (
			);
			name = PivotPong;
			productName = PivotPong;
			productReference = AEAC789D18FC4E3B00C4FF0D /* PivotPong.app */;
			productType = "com.apple.product-type.application";
		};
		AEE820A518FC6D4C000C49A4 /* Specs */ = {
			isa = PBXNativeTarget;
			buildConfigurationList = AEE820B818FC6D4C000C49A4 /* Build configuration list for PBXNativeTarget "Specs" */;
			buildPhases = (
				7E17AB01D1C24F919BFB9CBE /* Check Pods Manifest.lock */,
				AEE820A218FC6D4C000C49A4 /* Sources */,
				AEE820A318FC6D4C000C49A4 /* Frameworks */,
				AEE820A418FC6D4C000C49A4 /* Resources */,
				B4CE0B1831B043EA955962E8 /* Copy Pods Resources */,
			);
			buildRules = (
			);
			dependencies = (
				AE10BCD218FC82C100E9FE34 /* PBXTargetDependency */,
			);
			name = Specs;
			productName = Specs;
			productReference = AEE820A618FC6D4C000C49A4 /* Specs.app */;
			productType = "com.apple.product-type.application";
		};
/* End PBXNativeTarget section */

/* Begin PBXProject section */
		AEAC789518FC4E3B00C4FF0D /* Project object */ = {
			isa = PBXProject;
			attributes = {
				LastUpgradeCheck = 0510;
				ORGANIZATIONNAME = "Pivotal Labs";
			};
			buildConfigurationList = AEAC789818FC4E3B00C4FF0D /* Build configuration list for PBXProject "PivotPong" */;
			compatibilityVersion = "Xcode 3.2";
			developmentRegion = English;
			hasScannedForEncodings = 0;
			knownRegions = (
				en,
			);
			mainGroup = AEAC789418FC4E3B00C4FF0D;
			productRefGroup = AEAC789E18FC4E3B00C4FF0D /* Products */;
			projectDirPath = "";
			projectRoot = "";
			targets = (
				AEAC789C18FC4E3B00C4FF0D /* PivotPong */,
				AEE820A518FC6D4C000C49A4 /* Specs */,
			);
		};
/* End PBXProject section */

/* Begin PBXResourcesBuildPhase section */
		AEAC789B18FC4E3B00C4FF0D /* Resources */ = {
			isa = PBXResourcesBuildPhase;
			buildActionMask = 2147483647;
			files = (
				AEAC78AB18FC4E3B00C4FF0D /* InfoPlist.strings in Resources */,
				AEAC78B318FC4E3B00C4FF0D /* Images.xcassets in Resources */,
				AE0F2E3018FC9FEC007B6EF0 /* Main.storyboard in Resources */,
				AEC2389A18FE045C00F6217A /* pivID_blue-1004x400.png in Resources */,
			);
			runOnlyForDeploymentPostprocessing = 0;
		};
		AEE820A418FC6D4C000C49A4 /* Resources */ = {
			isa = PBXResourcesBuildPhase;
			buildActionMask = 2147483647;
			files = (
				AEC2389B18FE051700F6217A /* pivID_blue-1004x400.png in Resources */,
				AE06053B190054AA00A9CFDE /* Default-568h@2x.png in Resources */,
				AE5EAF0D18FDECE1008222E1 /* Main.storyboard in Resources */,
				AEE820AF18FC6D4C000C49A4 /* InfoPlist.strings in Resources */,
			);
			runOnlyForDeploymentPostprocessing = 0;
		};
/* End PBXResourcesBuildPhase section */

/* Begin PBXShellScriptBuildPhase section */
		68FED82D53344BD0B9A75210 /* Copy Pods Resources */ = {
			isa = PBXShellScriptBuildPhase;
			buildActionMask = 2147483647;
			files = (
			);
			inputPaths = (
			);
			name = "Copy Pods Resources";
			outputPaths = (
			);
			runOnlyForDeploymentPostprocessing = 0;
			shellPath = /bin/sh;
			shellScript = "\"${SRCROOT}/../Pods/Pods-PivotPong-resources.sh\"\n";
			showEnvVarsInLog = 0;
		};
		77B912EC34A54E6E94862258 /* Check Pods Manifest.lock */ = {
			isa = PBXShellScriptBuildPhase;
			buildActionMask = 2147483647;
			files = (
			);
			inputPaths = (
			);
			name = "Check Pods Manifest.lock";
			outputPaths = (
			);
			runOnlyForDeploymentPostprocessing = 0;
			shellPath = /bin/sh;
			shellScript = "diff \"${PODS_ROOT}/../Podfile.lock\" \"${PODS_ROOT}/Manifest.lock\" > /dev/null\nif [[ $? != 0 ]] ; then\n    cat << EOM\nerror: The sandbox is not in sync with the Podfile.lock. Run 'pod install' or update your CocoaPods installation.\nEOM\n    exit 1\nfi\n";
			showEnvVarsInLog = 0;
		};
		7E17AB01D1C24F919BFB9CBE /* Check Pods Manifest.lock */ = {
			isa = PBXShellScriptBuildPhase;
			buildActionMask = 2147483647;
			files = (
			);
			inputPaths = (
			);
			name = "Check Pods Manifest.lock";
			outputPaths = (
			);
			runOnlyForDeploymentPostprocessing = 0;
			shellPath = /bin/sh;
			shellScript = "diff \"${PODS_ROOT}/../Podfile.lock\" \"${PODS_ROOT}/Manifest.lock\" > /dev/null\nif [[ $? != 0 ]] ; then\n    cat << EOM\nerror: The sandbox is not in sync with the Podfile.lock. Run 'pod install' or update your CocoaPods installation.\nEOM\n    exit 1\nfi\n";
			showEnvVarsInLog = 0;
		};
		B4CE0B1831B043EA955962E8 /* Copy Pods Resources */ = {
			isa = PBXShellScriptBuildPhase;
			buildActionMask = 2147483647;
			files = (
			);
			inputPaths = (
			);
			name = "Copy Pods Resources";
			outputPaths = (
			);
			runOnlyForDeploymentPostprocessing = 0;
			shellPath = /bin/sh;
			shellScript = "\"${SRCROOT}/../Pods/Pods-Specs-resources.sh\"\n";
			showEnvVarsInLog = 0;
		};
/* End PBXShellScriptBuildPhase section */

/* Begin PBXSourcesBuildPhase section */
		AEAC789918FC4E3B00C4FF0D /* Sources */ = {
			isa = PBXSourcesBuildPhase;
			buildActionMask = 2147483647;
			files = (
				AEAAD30C19005DA300A10D57 /* JSONClient.m in Sources */,
				AEAC78B118FC4E3B00C4FF0D /* AppDelegate.m in Sources */,
				AE10BCE318FC8CE600E9FE34 /* IdentificationController.m in Sources */,
				AEAAD32419005FD700A10D57 /* Configurator.m in Sources */,
				AEAAD30E19005DA300A10D57 /* PivotPongClient.m in Sources */,
				AE10BCE718FC8CF600E9FE34 /* AttestationController.m in Sources */,
				AE0F2E3318FCA070007B6EF0 /* HomeController.m in Sources */,
				AEAAD30A19005DA300A10D57 /* HTTPClient.m in Sources */,
				AEAC78AD18FC4E3B00C4FF0D /* main.m in Sources */,
			);
			runOnlyForDeploymentPostprocessing = 0;
		};
		AEE820A218FC6D4C000C49A4 /* Sources */ = {
			isa = PBXSourcesBuildPhase;
			buildActionMask = 2147483647;
			files = (
				AEAAD31F19005FA400A10D57 /* Factory.m in Sources */,
				AEAAD30D19005DA300A10D57 /* JSONClient.m in Sources */,
				AE0F2E3418FCA070007B6EF0 /* HomeController.m in Sources */,
				AE0F2E2E18FC98F7007B6EF0 /* AppDelegate.m in Sources */,
				AEE820B118FC6D4C000C49A4 /* main.m in Sources */,
				AEAAD30F19005DA300A10D57 /* PivotPongClient.m in Sources */,
				AE10BCEE18FC8DA200E9FE34 /* AppDelegateSpec.mm in Sources */,
				AE10BCEC18FC8D2700E9FE34 /* AttestationControllerSpec.mm in Sources */,
				AEAAD31619005F9C00A10D57 /* HTTPClientSpec.mm in Sources */,
				AE0F2E3618FCA342007B6EF0 /* HomeControllerSpec.mm in Sources */,
				AEAAD31719005F9C00A10D57 /* JSONClientSpec.mm in Sources */,
				AE10BCEA18FC8D1100E9FE34 /* IdentificationControllerSpec.mm in Sources */,
				AEAAD32519005FD700A10D57 /* Configurator.m in Sources */,
				AE10BCE818FC8CF600E9FE34 /* AttestationController.m in Sources */,
				AEAAD32019005FA400A10D57 /* SpecConfigurator.m in Sources */,
				AEAAD30B19005DA300A10D57 /* HTTPClient.m in Sources */,
				AEAAD31819005F9C00A10D57 /* PivotPongClientSpec.mm in Sources */,
				AE10BCE418FC8CE600E9FE34 /* IdentificationController.m in Sources */,
			);
			runOnlyForDeploymentPostprocessing = 0;
		};
/* End PBXSourcesBuildPhase section */

/* Begin PBXTargetDependency section */
		AE10BCD218FC82C100E9FE34 /* PBXTargetDependency */ = {
			isa = PBXTargetDependency;
			target = AEAC789C18FC4E3B00C4FF0D /* PivotPong */;
			targetProxy = AE10BCD118FC82C100E9FE34 /* PBXContainerItemProxy */;
		};
/* End PBXTargetDependency section */

/* Begin PBXVariantGroup section */
		AEAC78A918FC4E3B00C4FF0D /* InfoPlist.strings */ = {
			isa = PBXVariantGroup;
			children = (
				AEAC78AA18FC4E3B00C4FF0D /* en */,
			);
			name = InfoPlist.strings;
			sourceTree = "<group>";
		};
		AEE820AD18FC6D4C000C49A4 /* InfoPlist.strings */ = {
			isa = PBXVariantGroup;
			children = (
				AEE820AE18FC6D4C000C49A4 /* en */,
			);
			name = InfoPlist.strings;
			sourceTree = "<group>";
		};
/* End PBXVariantGroup section */

/* Begin XCBuildConfiguration section */
		AEAC78C718FC4E3B00C4FF0D /* Debug */ = {
			isa = XCBuildConfiguration;
			buildSettings = {
				ALWAYS_SEARCH_USER_PATHS = NO;
				CLANG_CXX_LANGUAGE_STANDARD = "gnu++0x";
				CLANG_CXX_LIBRARY = "libc++";
				CLANG_ENABLE_MODULES = YES;
				CLANG_ENABLE_OBJC_ARC = YES;
				CLANG_WARN_BOOL_CONVERSION = YES;
				CLANG_WARN_CONSTANT_CONVERSION = YES;
				CLANG_WARN_DIRECT_OBJC_ISA_USAGE = YES_ERROR;
				CLANG_WARN_EMPTY_BODY = YES;
				CLANG_WARN_ENUM_CONVERSION = YES;
				CLANG_WARN_INT_CONVERSION = YES;
				CLANG_WARN_OBJC_ROOT_CLASS = YES_ERROR;
				CLANG_WARN__DUPLICATE_METHOD_MATCH = YES;
				"CODE_SIGN_IDENTITY[sdk=iphoneos*]" = "iPhone Developer";
				COPY_PHASE_STRIP = NO;
				GCC_C_LANGUAGE_STANDARD = gnu99;
				GCC_DYNAMIC_NO_PIC = NO;
				GCC_OPTIMIZATION_LEVEL = 0;
				GCC_PREPROCESSOR_DEFINITIONS = (
					"DEBUG=1",
					"$(inherited)",
				);
				GCC_SYMBOLS_PRIVATE_EXTERN = NO;
				GCC_WARN_64_TO_32_BIT_CONVERSION = YES;
				GCC_WARN_ABOUT_RETURN_TYPE = YES_ERROR;
				GCC_WARN_UNDECLARED_SELECTOR = YES;
				GCC_WARN_UNINITIALIZED_AUTOS = YES_AGGRESSIVE;
				GCC_WARN_UNUSED_FUNCTION = YES;
				GCC_WARN_UNUSED_VARIABLE = YES;
				IPHONEOS_DEPLOYMENT_TARGET = 7.1;
				ONLY_ACTIVE_ARCH = YES;
				SDKROOT = iphoneos;
				TARGETED_DEVICE_FAMILY = "1,2";
			};
			name = Debug;
		};
		AEAC78C818FC4E3B00C4FF0D /* Release */ = {
			isa = XCBuildConfiguration;
			buildSettings = {
				ALWAYS_SEARCH_USER_PATHS = NO;
				CLANG_CXX_LANGUAGE_STANDARD = "gnu++0x";
				CLANG_CXX_LIBRARY = "libc++";
				CLANG_ENABLE_MODULES = YES;
				CLANG_ENABLE_OBJC_ARC = YES;
				CLANG_WARN_BOOL_CONVERSION = YES;
				CLANG_WARN_CONSTANT_CONVERSION = YES;
				CLANG_WARN_DIRECT_OBJC_ISA_USAGE = YES_ERROR;
				CLANG_WARN_EMPTY_BODY = YES;
				CLANG_WARN_ENUM_CONVERSION = YES;
				CLANG_WARN_INT_CONVERSION = YES;
				CLANG_WARN_OBJC_ROOT_CLASS = YES_ERROR;
				CLANG_WARN__DUPLICATE_METHOD_MATCH = YES;
				"CODE_SIGN_IDENTITY[sdk=iphoneos*]" = "iPhone Developer";
				COPY_PHASE_STRIP = YES;
				ENABLE_NS_ASSERTIONS = NO;
				GCC_C_LANGUAGE_STANDARD = gnu99;
				GCC_WARN_64_TO_32_BIT_CONVERSION = YES;
				GCC_WARN_ABOUT_RETURN_TYPE = YES_ERROR;
				GCC_WARN_UNDECLARED_SELECTOR = YES;
				GCC_WARN_UNINITIALIZED_AUTOS = YES_AGGRESSIVE;
				GCC_WARN_UNUSED_FUNCTION = YES;
				GCC_WARN_UNUSED_VARIABLE = YES;
				IPHONEOS_DEPLOYMENT_TARGET = 7.1;
				SDKROOT = iphoneos;
				TARGETED_DEVICE_FAMILY = "1,2";
				VALIDATE_PRODUCT = YES;
			};
			name = Release;
		};
		AEAC78CA18FC4E3B00C4FF0D /* Debug */ = {
			isa = XCBuildConfiguration;
			baseConfigurationReference = FB5B3FC9F4A04CBA9A4D5520 /* Pods-PivotPong.xcconfig */;
			buildSettings = {
				ASSETCATALOG_COMPILER_APPICON_NAME = AppIcon;
				ASSETCATALOG_COMPILER_LAUNCHIMAGE_NAME = LaunchImage;
				GCC_PRECOMPILE_PREFIX_HEADER = YES;
				GCC_PREFIX_HEADER = "PivotPong/PivotPong-Prefix.pch";
				HEADER_SEARCH_PATHS = (
					"\"${PODS_ROOT}/Headers\"",
					"\"${PODS_ROOT}/Headers/Blindside\"",
					"\"${PODS_ROOT}/Headers/Cedar\"",
					"\"${PODS_ROOT}/Headers/Cedar/Cedar-iOS\"",
					"\"${PODS_ROOT}/Headers/KSDeferred\"",
					"\"${PODS_ROOT}/Headers/PivotalCoreKit\"",
					"$(SDKROOT)/usr/include/libxml2",
				);
				INFOPLIST_FILE = "PivotPong/PivotPong-Info.plist";
				LIBRARY_SEARCH_PATHS = "$(inherited)";
				PRODUCT_NAME = "$(TARGET_NAME)";
				WRAPPER_EXTENSION = app;
			};
			name = Debug;
		};
		AEAC78CB18FC4E3B00C4FF0D /* Release */ = {
			isa = XCBuildConfiguration;
			baseConfigurationReference = FB5B3FC9F4A04CBA9A4D5520 /* Pods-PivotPong.xcconfig */;
			buildSettings = {
				ASSETCATALOG_COMPILER_APPICON_NAME = AppIcon;
				ASSETCATALOG_COMPILER_LAUNCHIMAGE_NAME = LaunchImage;
				GCC_PRECOMPILE_PREFIX_HEADER = YES;
				GCC_PREFIX_HEADER = "PivotPong/PivotPong-Prefix.pch";
				HEADER_SEARCH_PATHS = (
					"\"${PODS_ROOT}/Headers\"",
					"\"${PODS_ROOT}/Headers/Blindside\"",
					"\"${PODS_ROOT}/Headers/Cedar\"",
					"\"${PODS_ROOT}/Headers/Cedar/Cedar-iOS\"",
					"\"${PODS_ROOT}/Headers/KSDeferred\"",
					"\"${PODS_ROOT}/Headers/PivotalCoreKit\"",
					"$(SDKROOT)/usr/include/libxml2",
				);
				INFOPLIST_FILE = "PivotPong/PivotPong-Info.plist";
				LIBRARY_SEARCH_PATHS = "$(inherited)";
				PRODUCT_NAME = "$(TARGET_NAME)";
				WRAPPER_EXTENSION = app;
			};
			name = Release;
		};
		AEE820B918FC6D4C000C49A4 /* Debug */ = {
			isa = XCBuildConfiguration;
			baseConfigurationReference = 507F1C0B53F94E588568064F /* Pods-Specs.xcconfig */;
			buildSettings = {
				"CODE_SIGN_IDENTITY[sdk=iphoneos*]" = "iPhone Developer";
				FRAMEWORK_SEARCH_PATHS = (
					"$(inherited)",
					"$(PROJECT_DIR)/Specs/Frameworks",
				);
				GCC_PRECOMPILE_PREFIX_HEADER = YES;
				GCC_PREFIX_HEADER = "Specs/Specs-Prefix.pch";
				GCC_PREPROCESSOR_DEFINITIONS = (
					"DEBUG=1",
					"$(inherited)",
				);
				HEADER_SEARCH_PATHS = (
					"$(SRCROOT)/**",
					"\"${PODS_ROOT}/Headers\"",
					"\"${PODS_ROOT}/Headers/Blindside\"",
					"\"${PODS_ROOT}/Headers/Cedar\"",
					"\"${PODS_ROOT}/Headers/Cedar/Cedar-iOS\"",
					"\"${PODS_ROOT}/Headers/KSDeferred\"",
					"\"${PODS_ROOT}/Headers/PivotalCoreKit\"",
				);
				INFOPLIST_FILE = "Specs/Specs-Info.plist";
				LIBRARY_SEARCH_PATHS = "$(inherited)";
				OTHER_LDFLAGS = (
					"$(inherited)",
					"-ObjC",
					"-all_load",
					"-lstdc++",
				);
				PRODUCT_NAME = "$(TARGET_NAME)";
				WRAPPER_EXTENSION = app;
			};
			name = Debug;
		};
		AEE820BA18FC6D4C000C49A4 /* Release */ = {
			isa = XCBuildConfiguration;
			baseConfigurationReference = 507F1C0B53F94E588568064F /* Pods-Specs.xcconfig */;
			buildSettings = {
				"CODE_SIGN_IDENTITY[sdk=iphoneos*]" = "iPhone Developer";
				FRAMEWORK_SEARCH_PATHS = (
					"$(inherited)",
					"$(PROJECT_DIR)/Specs/Frameworks",
				);
				GCC_PRECOMPILE_PREFIX_HEADER = YES;
				GCC_PREFIX_HEADER = "Specs/Specs-Prefix.pch";
				HEADER_SEARCH_PATHS = (
					"$(SRCROOT)/**",
					"\"${PODS_ROOT}/Headers\"",
					"\"${PODS_ROOT}/Headers/Blindside\"",
					"\"${PODS_ROOT}/Headers/Cedar\"",
					"\"${PODS_ROOT}/Headers/Cedar/Cedar-iOS\"",
					"\"${PODS_ROOT}/Headers/KSDeferred\"",
					"\"${PODS_ROOT}/Headers/PivotalCoreKit\"",
				);
				INFOPLIST_FILE = "Specs/Specs-Info.plist";
				LIBRARY_SEARCH_PATHS = "$(inherited)";
				OTHER_CFLAGS = "-DNS_BLOCK_ASSERTIONS=1";
				OTHER_LDFLAGS = (
					"$(inherited)",
					"-ObjC",
					"-all_load",
					"-lstdc++",
				);
				PRODUCT_NAME = "$(TARGET_NAME)";
				WRAPPER_EXTENSION = app;
			};
			name = Release;
		};
/* End XCBuildConfiguration section */

/* Begin XCConfigurationList section */
		AEAC789818FC4E3B00C4FF0D /* Build configuration list for PBXProject "PivotPong" */ = {
			isa = XCConfigurationList;
			buildConfigurations = (
				AEAC78C718FC4E3B00C4FF0D /* Debug */,
				AEAC78C818FC4E3B00C4FF0D /* Release */,
			);
			defaultConfigurationIsVisible = 0;
			defaultConfigurationName = Release;
		};
		AEAC78C918FC4E3B00C4FF0D /* Build configuration list for PBXNativeTarget "PivotPong" */ = {
			isa = XCConfigurationList;
			buildConfigurations = (
				AEAC78CA18FC4E3B00C4FF0D /* Debug */,
				AEAC78CB18FC4E3B00C4FF0D /* Release */,
			);
			defaultConfigurationIsVisible = 0;
			defaultConfigurationName = Release;
		};
		AEE820B818FC6D4C000C49A4 /* Build configuration list for PBXNativeTarget "Specs" */ = {
			isa = XCConfigurationList;
			buildConfigurations = (
				AEE820B918FC6D4C000C49A4 /* Debug */,
				AEE820BA18FC6D4C000C49A4 /* Release */,
			);
			defaultConfigurationIsVisible = 0;
			defaultConfigurationName = Release;
		};
/* End XCConfigurationList section */
	};
	rootObject = AEAC789518FC4E3B00C4FF0D /* Project object */;
}
