// !$*UTF8*$!
{
	archiveVersion = 1;
	classes = {
	};
	objectVersion = 46;
	objects = {

/* Begin PBXBuildFile section */
		AE3EB56818FC649000F21C88 /* UIKit.framework in Frameworks */ = {isa = PBXBuildFile; fileRef = AEAC78A418FC4E3B00C4FF0D /* UIKit.framework */; };
		AE3EB56918FC649000F21C88 /* Foundation.framework in Frameworks */ = {isa = PBXBuildFile; fileRef = AEAC78A018FC4E3B00C4FF0D /* Foundation.framework */; };
		AE3EB56A18FC649000F21C88 /* CoreGraphics.framework in Frameworks */ = {isa = PBXBuildFile; fileRef = AEAC78A218FC4E3B00C4FF0D /* CoreGraphics.framework */; };
		AE3EB57018FC649000F21C88 /* InfoPlist.strings in Resources */ = {isa = PBXBuildFile; fileRef = AE3EB56E18FC649000F21C88 /* InfoPlist.strings */; };
		AE3EB57218FC649000F21C88 /* main.m in Sources */ = {isa = PBXBuildFile; fileRef = AE3EB57118FC649000F21C88 /* main.m */; };
		AE3EB57618FC649000F21C88 /* Cedar-iOS.framework in Frameworks */ = {isa = PBXBuildFile; fileRef = AE3EB57518FC649000F21C88 /* Cedar-iOS.framework */; };
		AE3EB57818FC649000F21C88 /* ExampleSpec.mm in Sources */ = {isa = PBXBuildFile; fileRef = AE3EB57718FC649000F21C88 /* ExampleSpec.mm */; };
		AEAC78A118FC4E3B00C4FF0D /* Foundation.framework in Frameworks */ = {isa = PBXBuildFile; fileRef = AEAC78A018FC4E3B00C4FF0D /* Foundation.framework */; };
		AEAC78A318FC4E3B00C4FF0D /* CoreGraphics.framework in Frameworks */ = {isa = PBXBuildFile; fileRef = AEAC78A218FC4E3B00C4FF0D /* CoreGraphics.framework */; };
		AEAC78A518FC4E3B00C4FF0D /* UIKit.framework in Frameworks */ = {isa = PBXBuildFile; fileRef = AEAC78A418FC4E3B00C4FF0D /* UIKit.framework */; };
		AEAC78AB18FC4E3B00C4FF0D /* InfoPlist.strings in Resources */ = {isa = PBXBuildFile; fileRef = AEAC78A918FC4E3B00C4FF0D /* InfoPlist.strings */; };
		AEAC78AD18FC4E3B00C4FF0D /* main.m in Sources */ = {isa = PBXBuildFile; fileRef = AEAC78AC18FC4E3B00C4FF0D /* main.m */; };
		AEAC78B118FC4E3B00C4FF0D /* AppDelegate.m in Sources */ = {isa = PBXBuildFile; fileRef = AEAC78B018FC4E3B00C4FF0D /* AppDelegate.m */; };
		AEAC78B318FC4E3B00C4FF0D /* Images.xcassets in Resources */ = {isa = PBXBuildFile; fileRef = AEAC78B218FC4E3B00C4FF0D /* Images.xcassets */; };
/* End PBXBuildFile section */

/* Begin PBXFileReference section */
		55C223EC68D649D9B7912CBA /* Pods-PivotPongTests.xcconfig */ = {isa = PBXFileReference; includeInIndex = 1; lastKnownFileType = text.xcconfig; name = "Pods-PivotPongTests.xcconfig"; path = "../Pods/Pods-PivotPongTests.xcconfig"; sourceTree = "<group>"; };
		AE3EB56718FC649000F21C88 /* Specs.app */ = {isa = PBXFileReference; explicitFileType = wrapper.application; includeInIndex = 0; path = Specs.app; sourceTree = BUILT_PRODUCTS_DIR; };
		AE3EB56D18FC649000F21C88 /* Specs-Info.plist */ = {isa = PBXFileReference; lastKnownFileType = text.plist.xml; path = "Specs-Info.plist"; sourceTree = "<group>"; };
		AE3EB56F18FC649000F21C88 /* en */ = {isa = PBXFileReference; lastKnownFileType = text.plist.strings; name = en; path = en.lproj/InfoPlist.strings; sourceTree = "<group>"; };
		AE3EB57118FC649000F21C88 /* main.m */ = {isa = PBXFileReference; lastKnownFileType = sourcecode.c.objc; path = main.m; sourceTree = "<group>"; };
		AE3EB57318FC649000F21C88 /* Specs-Prefix.pch */ = {isa = PBXFileReference; lastKnownFileType = sourcecode.c.h; path = "Specs-Prefix.pch"; sourceTree = "<group>"; };
		AE3EB57418FC649000F21C88 /* Rakefile */ = {isa = PBXFileReference; lastKnownFileType = text; path = Rakefile; sourceTree = "<group>"; };
		AE3EB57518FC649000F21C88 /* Cedar-iOS.framework */ = {isa = PBXFileReference; lastKnownFileType = wrapper.framework; name = "Cedar-iOS.framework"; path = "Frameworks/Cedar-iOS.framework"; sourceTree = "<group>"; };
		AE3EB57718FC649000F21C88 /* ExampleSpec.mm */ = {isa = PBXFileReference; lastKnownFileType = sourcecode.cpp.objcpp; path = ExampleSpec.mm; sourceTree = "<group>"; };
		AEAC789D18FC4E3B00C4FF0D /* PivotPong.app */ = {isa = PBXFileReference; explicitFileType = wrapper.application; includeInIndex = 0; path = PivotPong.app; sourceTree = BUILT_PRODUCTS_DIR; };
		AEAC78A018FC4E3B00C4FF0D /* Foundation.framework */ = {isa = PBXFileReference; lastKnownFileType = wrapper.framework; name = Foundation.framework; path = System/Library/Frameworks/Foundation.framework; sourceTree = SDKROOT; };
		AEAC78A218FC4E3B00C4FF0D /* CoreGraphics.framework */ = {isa = PBXFileReference; lastKnownFileType = wrapper.framework; name = CoreGraphics.framework; path = System/Library/Frameworks/CoreGraphics.framework; sourceTree = SDKROOT; };
		AEAC78A418FC4E3B00C4FF0D /* UIKit.framework */ = {isa = PBXFileReference; lastKnownFileType = wrapper.framework; name = UIKit.framework; path = System/Library/Frameworks/UIKit.framework; sourceTree = SDKROOT; };
		AEAC78A818FC4E3B00C4FF0D /* PivotPong-Info.plist */ = {isa = PBXFileReference; lastKnownFileType = text.plist.xml; path = "PivotPong-Info.plist"; sourceTree = "<group>"; };
		AEAC78AA18FC4E3B00C4FF0D /* en */ = {isa = PBXFileReference; lastKnownFileType = text.plist.strings; name = en; path = en.lproj/InfoPlist.strings; sourceTree = "<group>"; };
		AEAC78AC18FC4E3B00C4FF0D /* main.m */ = {isa = PBXFileReference; lastKnownFileType = sourcecode.c.objc; path = main.m; sourceTree = "<group>"; };
		AEAC78AE18FC4E3B00C4FF0D /* PivotPong-Prefix.pch */ = {isa = PBXFileReference; lastKnownFileType = sourcecode.c.h; path = "PivotPong-Prefix.pch"; sourceTree = "<group>"; };
		AEAC78AF18FC4E3B00C4FF0D /* AppDelegate.h */ = {isa = PBXFileReference; lastKnownFileType = sourcecode.c.h; path = AppDelegate.h; sourceTree = "<group>"; };
		AEAC78B018FC4E3B00C4FF0D /* AppDelegate.m */ = {isa = PBXFileReference; lastKnownFileType = sourcecode.c.objc; path = AppDelegate.m; sourceTree = "<group>"; };
		AEAC78B218FC4E3B00C4FF0D /* Images.xcassets */ = {isa = PBXFileReference; lastKnownFileType = folder.assetcatalog; path = Images.xcassets; sourceTree = "<group>"; };
		AEAC78B918FC4E3B00C4FF0D /* XCTest.framework */ = {isa = PBXFileReference; lastKnownFileType = wrapper.framework; name = XCTest.framework; path = Library/Frameworks/XCTest.framework; sourceTree = DEVELOPER_DIR; };
		E21CA42E6F604CD2BE9460B7 /* libPods-PivotPongTests.a */ = {isa = PBXFileReference; explicitFileType = archive.ar; includeInIndex = 0; path = "libPods-PivotPongTests.a"; sourceTree = BUILT_PRODUCTS_DIR; };
/* End PBXFileReference section */

/* Begin PBXFrameworksBuildPhase section */
		AE3EB56418FC649000F21C88 /* Frameworks */ = {
			isa = PBXFrameworksBuildPhase;
			buildActionMask = 2147483647;
			files = (
				AE3EB56A18FC649000F21C88 /* CoreGraphics.framework in Frameworks */,
				AE3EB56818FC649000F21C88 /* UIKit.framework in Frameworks */,
				AE3EB57618FC649000F21C88 /* Cedar-iOS.framework in Frameworks */,
				AE3EB56918FC649000F21C88 /* Foundation.framework in Frameworks */,
			);
			runOnlyForDeploymentPostprocessing = 0;
		};
		AEAC789A18FC4E3B00C4FF0D /* Frameworks */ = {
			isa = PBXFrameworksBuildPhase;
			buildActionMask = 2147483647;
			files = (
				AEAC78A318FC4E3B00C4FF0D /* CoreGraphics.framework in Frameworks */,
				AEAC78A518FC4E3B00C4FF0D /* UIKit.framework in Frameworks */,
				AEAC78A118FC4E3B00C4FF0D /* Foundation.framework in Frameworks */,
			);
			runOnlyForDeploymentPostprocessing = 0;
		};
/* End PBXFrameworksBuildPhase section */

/* Begin PBXGroup section */
		AE3EB56B18FC649000F21C88 /* Specs */ = {
			isa = PBXGroup;
			children = (
				AE3EB57418FC649000F21C88 /* Rakefile */,
				AE3EB57518FC649000F21C88 /* Cedar-iOS.framework */,
				AE3EB57718FC649000F21C88 /* ExampleSpec.mm */,
				AE3EB56C18FC649000F21C88 /* Supporting Files */,
			);
			path = Specs;
			sourceTree = "<group>";
		};
		AE3EB56C18FC649000F21C88 /* Supporting Files */ = {
			isa = PBXGroup;
			children = (
				AE3EB56D18FC649000F21C88 /* Specs-Info.plist */,
				AE3EB56E18FC649000F21C88 /* InfoPlist.strings */,
				AE3EB57118FC649000F21C88 /* main.m */,
				AE3EB57318FC649000F21C88 /* Specs-Prefix.pch */,
			);
			name = "Supporting Files";
			sourceTree = "<group>";
		};
		AEAC789418FC4E3B00C4FF0D = {
			isa = PBXGroup;
			children = (
				AEAC78A618FC4E3B00C4FF0D /* PivotPong */,
				AE3EB56B18FC649000F21C88 /* Specs */,
				AEAC789F18FC4E3B00C4FF0D /* Frameworks */,
				AEAC789E18FC4E3B00C4FF0D /* Products */,
				55C223EC68D649D9B7912CBA /* Pods-PivotPongTests.xcconfig */,
			);
			sourceTree = "<group>";
		};
		AEAC789E18FC4E3B00C4FF0D /* Products */ = {
			isa = PBXGroup;
			children = (
				AEAC789D18FC4E3B00C4FF0D /* PivotPong.app */,
				AE3EB56718FC649000F21C88 /* Specs.app */,
			);
			name = Products;
			sourceTree = "<group>";
		};
		AEAC789F18FC4E3B00C4FF0D /* Frameworks */ = {
			isa = PBXGroup;
			children = (
				AEAC78A018FC4E3B00C4FF0D /* Foundation.framework */,
				AEAC78A218FC4E3B00C4FF0D /* CoreGraphics.framework */,
				AEAC78A418FC4E3B00C4FF0D /* UIKit.framework */,
				AEAC78B918FC4E3B00C4FF0D /* XCTest.framework */,
				E21CA42E6F604CD2BE9460B7 /* libPods-PivotPongTests.a */,
			);
			name = Frameworks;
			sourceTree = "<group>";
		};
		AEAC78A618FC4E3B00C4FF0D /* PivotPong */ = {
			isa = PBXGroup;
			children = (
				AEAC78AF18FC4E3B00C4FF0D /* AppDelegate.h */,
				AEAC78B018FC4E3B00C4FF0D /* AppDelegate.m */,
				AEAC78B218FC4E3B00C4FF0D /* Images.xcassets */,
				AEAC78A718FC4E3B00C4FF0D /* Supporting Files */,
			);
			path = PivotPong;
			sourceTree = "<group>";
		};
		AEAC78A718FC4E3B00C4FF0D /* Supporting Files */ = {
			isa = PBXGroup;
			children = (
				AEAC78A818FC4E3B00C4FF0D /* PivotPong-Info.plist */,
				AEAC78A918FC4E3B00C4FF0D /* InfoPlist.strings */,
				AEAC78AC18FC4E3B00C4FF0D /* main.m */,
				AEAC78AE18FC4E3B00C4FF0D /* PivotPong-Prefix.pch */,
			);
			name = "Supporting Files";
			sourceTree = "<group>";
		};
/* End PBXGroup section */

/* Begin PBXNativeTarget section */
		AE3EB56618FC649000F21C88 /* Specs */ = {
			isa = PBXNativeTarget;
			buildConfigurationList = AE3EB57918FC649000F21C88 /* Build configuration list for PBXNativeTarget "Specs" */;
			buildPhases = (
				AE3EB56318FC649000F21C88 /* Sources */,
				AE3EB56418FC649000F21C88 /* Frameworks */,
				AE3EB56518FC649000F21C88 /* Resources */,
			);
			buildRules = (
			);
			dependencies = (
			);
			name = Specs;
			productName = Specs;
			productReference = AE3EB56718FC649000F21C88 /* Specs.app */;
			productType = "com.apple.product-type.application";
		};
		AEAC789C18FC4E3B00C4FF0D /* PivotPong */ = {
			isa = PBXNativeTarget;
			buildConfigurationList = AEAC78C918FC4E3B00C4FF0D /* Build configuration list for PBXNativeTarget "PivotPong" */;
			buildPhases = (
				AEAC789918FC4E3B00C4FF0D /* Sources */,
				AEAC789A18FC4E3B00C4FF0D /* Frameworks */,
				AEAC789B18FC4E3B00C4FF0D /* Resources */,
			);
			buildRules = (
			);
			dependencies = (
			);
			name = PivotPong;
			productName = PivotPong;
			productReference = AEAC789D18FC4E3B00C4FF0D /* PivotPong.app */;
			productType = "com.apple.product-type.application";
		};
/* End PBXNativeTarget section */

/* Begin PBXProject section */
		AEAC789518FC4E3B00C4FF0D /* Project object */ = {
			isa = PBXProject;
			attributes = {
				LastUpgradeCheck = 0510;
				ORGANIZATIONNAME = "Pivotal Labs";
			};
			buildConfigurationList = AEAC789818FC4E3B00C4FF0D /* Build configuration list for PBXProject "PivotPong" */;
			compatibilityVersion = "Xcode 3.2";
			developmentRegion = English;
			hasScannedForEncodings = 0;
			knownRegions = (
				en,
			);
			mainGroup = AEAC789418FC4E3B00C4FF0D;
			productRefGroup = AEAC789E18FC4E3B00C4FF0D /* Products */;
			projectDirPath = "";
			projectRoot = "";
			targets = (
				AEAC789C18FC4E3B00C4FF0D /* PivotPong */,
				AE3EB56618FC649000F21C88 /* Specs */,
			);
		};
/* End PBXProject section */

/* Begin PBXResourcesBuildPhase section */
		AE3EB56518FC649000F21C88 /* Resources */ = {
			isa = PBXResourcesBuildPhase;
			buildActionMask = 2147483647;
			files = (
				AE3EB57018FC649000F21C88 /* InfoPlist.strings in Resources */,
			);
			runOnlyForDeploymentPostprocessing = 0;
		};
		AEAC789B18FC4E3B00C4FF0D /* Resources */ = {
			isa = PBXResourcesBuildPhase;
			buildActionMask = 2147483647;
			files = (
				AEAC78AB18FC4E3B00C4FF0D /* InfoPlist.strings in Resources */,
				AEAC78B318FC4E3B00C4FF0D /* Images.xcassets in Resources */,
			);
			runOnlyForDeploymentPostprocessing = 0;
		};
/* End PBXResourcesBuildPhase section */

/* Begin PBXSourcesBuildPhase section */
		AE3EB56318FC649000F21C88 /* Sources */ = {
			isa = PBXSourcesBuildPhase;
			buildActionMask = 2147483647;
			files = (
				AE3EB57218FC649000F21C88 /* main.m in Sources */,
				AE3EB57818FC649000F21C88 /* ExampleSpec.mm in Sources */,
			);
			runOnlyForDeploymentPostprocessing = 0;
		};
		AEAC789918FC4E3B00C4FF0D /* Sources */ = {
			isa = PBXSourcesBuildPhase;
			buildActionMask = 2147483647;
			files = (
				AEAC78B118FC4E3B00C4FF0D /* AppDelegate.m in Sources */,
				AEAC78AD18FC4E3B00C4FF0D /* main.m in Sources */,
			);
			runOnlyForDeploymentPostprocessing = 0;
		};
/* End PBXSourcesBuildPhase section */

/* Begin PBXVariantGroup section */
		AE3EB56E18FC649000F21C88 /* InfoPlist.strings */ = {
			isa = PBXVariantGroup;
			children = (
				AE3EB56F18FC649000F21C88 /* en */,
			);
			name = InfoPlist.strings;
			sourceTree = "<group>";
		};
		AEAC78A918FC4E3B00C4FF0D /* InfoPlist.strings */ = {
			isa = PBXVariantGroup;
			children = (
				AEAC78AA18FC4E3B00C4FF0D /* en */,
			);
			name = InfoPlist.strings;
			sourceTree = "<group>";
		};
/* End PBXVariantGroup section */

/* Begin XCBuildConfiguration section */
		AE3EB57A18FC649000F21C88 /* Debug */ = {
			isa = XCBuildConfiguration;
			buildSettings = {
				"CODE_SIGN_IDENTITY[sdk=iphoneos*]" = "iPhone Developer";
				FRAMEWORK_SEARCH_PATHS = (
					"$(inherited)",
					"$(PROJECT_DIR)/Specs/Frameworks",
				);
				GCC_PRECOMPILE_PREFIX_HEADER = YES;
				GCC_PREFIX_HEADER = "Specs/Specs-Prefix.pch";
				GCC_PREPROCESSOR_DEFINITIONS = (
					"DEBUG=1",
					"$(inherited)",
				);
				INFOPLIST_FILE = "Specs/Specs-Info.plist";
				OTHER_LDFLAGS = (
					"$(inherited)",
					"-ObjC",
					"-all_load",
					"-lstdc++",
				);
				PRODUCT_NAME = "$(TARGET_NAME)";
				WRAPPER_EXTENSION = app;
			};
			name = Debug;
		};
		AE3EB57B18FC649000F21C88 /* Release */ = {
			isa = XCBuildConfiguration;
			buildSettings = {
				"CODE_SIGN_IDENTITY[sdk=iphoneos*]" = "iPhone Developer";
				FRAMEWORK_SEARCH_PATHS = (
					"$(inherited)",
					"$(PROJECT_DIR)/Specs/Frameworks",
				);
				GCC_PRECOMPILE_PREFIX_HEADER = YES;
				GCC_PREFIX_HEADER = "Specs/Specs-Prefix.pch";
				INFOPLIST_FILE = "Specs/Specs-Info.plist";
				OTHER_CFLAGS = "-DNS_BLOCK_ASSERTIONS=1";
				OTHER_LDFLAGS = (
					"$(inherited)",
					"-ObjC",
					"-all_load",
					"-lstdc++",
				);
				PRODUCT_NAME = "$(TARGET_NAME)";
				WRAPPER_EXTENSION = app;
			};
			name = Release;
		};
		AEAC78C718FC4E3B00C4FF0D /* Debug */ = {
			isa = XCBuildConfiguration;
			buildSettings = {
				ALWAYS_SEARCH_USER_PATHS = NO;
				CLANG_CXX_LANGUAGE_STANDARD = "gnu++0x";
				CLANG_CXX_LIBRARY = "libc++";
				CLANG_ENABLE_MODULES = YES;
				CLANG_ENABLE_OBJC_ARC = YES;
				CLANG_WARN_BOOL_CONVERSION = YES;
				CLANG_WARN_CONSTANT_CONVERSION = YES;
				CLANG_WARN_DIRECT_OBJC_ISA_USAGE = YES_ERROR;
				CLANG_WARN_EMPTY_BODY = YES;
				CLANG_WARN_ENUM_CONVERSION = YES;
				CLANG_WARN_INT_CONVERSION = YES;
				CLANG_WARN_OBJC_ROOT_CLASS = YES_ERROR;
				CLANG_WARN__DUPLICATE_METHOD_MATCH = YES;
				"CODE_SIGN_IDENTITY[sdk=iphoneos*]" = "iPhone Developer";
				COPY_PHASE_STRIP = NO;
				GCC_C_LANGUAGE_STANDARD = gnu99;
				GCC_DYNAMIC_NO_PIC = NO;
				GCC_OPTIMIZATION_LEVEL = 0;
				GCC_PREPROCESSOR_DEFINITIONS = (
					"DEBUG=1",
					"$(inherited)",
				);
				GCC_SYMBOLS_PRIVATE_EXTERN = NO;
				GCC_WARN_64_TO_32_BIT_CONVERSION = YES;
				GCC_WARN_ABOUT_RETURN_TYPE = YES_ERROR;
				GCC_WARN_UNDECLARED_SELECTOR = YES;
				GCC_WARN_UNINITIALIZED_AUTOS = YES_AGGRESSIVE;
				GCC_WARN_UNUSED_FUNCTION = YES;
				GCC_WARN_UNUSED_VARIABLE = YES;
				IPHONEOS_DEPLOYMENT_TARGET = 7.1;
				ONLY_ACTIVE_ARCH = YES;
				SDKROOT = iphoneos;
				TARGETED_DEVICE_FAMILY = "1,2";
			};
			name = Debug;
		};
		AEAC78C818FC4E3B00C4FF0D /* Release */ = {
			isa = XCBuildConfiguration;
			buildSettings = {
				ALWAYS_SEARCH_USER_PATHS = NO;
				CLANG_CXX_LANGUAGE_STANDARD = "gnu++0x";
				CLANG_CXX_LIBRARY = "libc++";
				CLANG_ENABLE_MODULES = YES;
				CLANG_ENABLE_OBJC_ARC = YES;
				CLANG_WARN_BOOL_CONVERSION = YES;
				CLANG_WARN_CONSTANT_CONVERSION = YES;
				CLANG_WARN_DIRECT_OBJC_ISA_USAGE = YES_ERROR;
				CLANG_WARN_EMPTY_BODY = YES;
				CLANG_WARN_ENUM_CONVERSION = YES;
				CLANG_WARN_INT_CONVERSION = YES;
				CLANG_WARN_OBJC_ROOT_CLASS = YES_ERROR;
				CLANG_WARN__DUPLICATE_METHOD_MATCH = YES;
				"CODE_SIGN_IDENTITY[sdk=iphoneos*]" = "iPhone Developer";
				COPY_PHASE_STRIP = YES;
				ENABLE_NS_ASSERTIONS = NO;
				GCC_C_LANGUAGE_STANDARD = gnu99;
				GCC_WARN_64_TO_32_BIT_CONVERSION = YES;
				GCC_WARN_ABOUT_RETURN_TYPE = YES_ERROR;
				GCC_WARN_UNDECLARED_SELECTOR = YES;
				GCC_WARN_UNINITIALIZED_AUTOS = YES_AGGRESSIVE;
				GCC_WARN_UNUSED_FUNCTION = YES;
				GCC_WARN_UNUSED_VARIABLE = YES;
				IPHONEOS_DEPLOYMENT_TARGET = 7.1;
				SDKROOT = iphoneos;
				TARGETED_DEVICE_FAMILY = "1,2";
				VALIDATE_PRODUCT = YES;
			};
			name = Release;
		};
		AEAC78CA18FC4E3B00C4FF0D /* Debug */ = {
			isa = XCBuildConfiguration;
			buildSettings = {
				ASSETCATALOG_COMPILER_APPICON_NAME = AppIcon;
				ASSETCATALOG_COMPILER_LAUNCHIMAGE_NAME = LaunchImage;
				GCC_PRECOMPILE_PREFIX_HEADER = YES;
				GCC_PREFIX_HEADER = "PivotPong/PivotPong-Prefix.pch";
				INFOPLIST_FILE = "PivotPong/PivotPong-Info.plist";
				PRODUCT_NAME = "$(TARGET_NAME)";
				WRAPPER_EXTENSION = app;
			};
			name = Debug;
		};
		AEAC78CB18FC4E3B00C4FF0D /* Release */ = {
			isa = XCBuildConfiguration;
			buildSettings = {
				ASSETCATALOG_COMPILER_APPICON_NAME = AppIcon;
				ASSETCATALOG_COMPILER_LAUNCHIMAGE_NAME = LaunchImage;
				GCC_PRECOMPILE_PREFIX_HEADER = YES;
				GCC_PREFIX_HEADER = "PivotPong/PivotPong-Prefix.pch";
				INFOPLIST_FILE = "PivotPong/PivotPong-Info.plist";
				PRODUCT_NAME = "$(TARGET_NAME)";
				WRAPPER_EXTENSION = app;
			};
			name = Release;
		};
/* End XCBuildConfiguration section */

/* Begin XCConfigurationList section */
		AE3EB57918FC649000F21C88 /* Build configuration list for PBXNativeTarget "Specs" */ = {
			isa = XCConfigurationList;
			buildConfigurations = (
				AE3EB57A18FC649000F21C88 /* Debug */,
				AE3EB57B18FC649000F21C88 /* Release */,
			);
			defaultConfigurationIsVisible = 0;
		};
		AEAC789818FC4E3B00C4FF0D /* Build configuration list for PBXProject "PivotPong" */ = {
			isa = XCConfigurationList;
			buildConfigurations = (
				AEAC78C718FC4E3B00C4FF0D /* Debug */,
				AEAC78C818FC4E3B00C4FF0D /* Release */,
			);
			defaultConfigurationIsVisible = 0;
			defaultConfigurationName = Release;
		};
		AEAC78C918FC4E3B00C4FF0D /* Build configuration list for PBXNativeTarget "PivotPong" */ = {
			isa = XCConfigurationList;
			buildConfigurations = (
				AEAC78CA18FC4E3B00C4FF0D /* Debug */,
				AEAC78CB18FC4E3B00C4FF0D /* Release */,
			);
			defaultConfigurationIsVisible = 0;
			defaultConfigurationName = Release;
		};
/* End XCConfigurationList section */
	};
	rootObject = AEAC789518FC4E3B00C4FF0D /* Project object */;
}
